
Microsoft Visual Studio Solution File, Format Version 12.00
# Visual Studio Version 17
VisualStudioVersion = 17.11.35219.272
MinimumVisualStudioVersion = 10.0.40219.1
Project("{888888A0-9F3D-457C-B088-3A5042F75D52}") = "Teema 7", "Teema 7.pyproj", "{58025554-5795-4CD7-ADBE-9FB38B645FE3}"
EndProject
Global
	GlobalSection(SolutionConfigurationPlatforms) = preSolution
		Debug|Any CPU = Debug|Any CPU
		Release|Any CPU = Release|Any CPU
	EndGlobalSection
	GlobalSection(ProjectConfigurationPlatforms) = postSolution
		{58025554-5795-4CD7-ADBE-9FB38B645FE3}.Debug|Any CPU.ActiveCfg = Debug|Any CPU
		{58025554-5795-4CD7-ADBE-9FB38B645FE3}.Release|Any CPU.ActiveCfg = Release|Any CPU
	EndGlobalSection
	GlobalSection(SolutionProperties) = preSolution
		HideSolutionNode = FALSE
	EndGlobalSection
	GlobalSection(ExtensibilityGlobals) = postSolution
		SolutionGuid = {2C450C5D-2E4C-4C4D-8F51-F4F887227519}
	EndGlobalSection
EndGlobal
